
Microsoft Visual Studio Solution File, Format Version 12.00
# Visual Studio Version 17
VisualStudioVersion = 17.8.34322.80
MinimumVisualStudioVersion = 10.0.40219.1
Project("{FAE04EC0-301F-11D3-BF4B-00C04F79EFBC}") = "Project_CRUDOperation", "Project_CRUDOperation\Project_CRUDOperation.csproj", "{2D25E554-7179-4110-9FD1-2943C0D2B99B}"
EndProject
Global
	GlobalSection(SolutionConfigurationPlatforms) = preSolution
		Debug|Any CPU = Debug|Any CPU
		Release|Any CPU = Release|Any CPU
	EndGlobalSection
	GlobalSection(ProjectConfigurationPlatforms) = postSolution
		{2D25E554-7179-4110-9FD1-2943C0D2B99B}.Debug|Any CPU.ActiveCfg = Debug|Any CPU
		{2D25E554-7179-4110-9FD1-2943C0D2B99B}.Debug|Any CPU.Build.0 = Debug|Any CPU
		{2D25E554-7179-4110-9FD1-2943C0D2B99B}.Release|Any CPU.ActiveCfg = Release|Any CPU
		{2D25E554-7179-4110-9FD1-2943C0D2B99B}.Release|Any CPU.Build.0 = Release|Any CPU
	EndGlobalSection
	GlobalSection(SolutionProperties) = preSolution
		HideSolutionNode = FALSE
	EndGlobalSection
	GlobalSection(ExtensibilityGlobals) = postSolution
		SolutionGuid = {1D5795CF-59FF-4E35-A8F3-C54D39A64033}
	EndGlobalSection
EndGlobal
